
Microsoft Visual Studio Solution File, Format Version 12.00
# Visual Studio Version 16
VisualStudioVersion = 16.0.30907.101
MinimumVisualStudioVersion = 10.0.40219.1
Project("{FAE04EC0-301F-11D3-BF4B-00C04F79EFBC}") = "SaltyTalkieClient", "SaltyTalkieClient\SaltyTalkieClient.csproj", "{BE74E4CB-F53A-4E1D-ABD9-B500BD30044D}"
EndProject
Global
	GlobalSection(SolutionConfigurationPlatforms) = preSolution
		Debug|Any CPU = Debug|Any CPU
		Release|Any CPU = Release|Any CPU
	EndGlobalSection
	GlobalSection(ProjectConfigurationPlatforms) = postSolution
		{BE74E4CB-F53A-4E1D-ABD9-B500BD30044D}.Debug|Any CPU.ActiveCfg = Debug|Any CPU
		{BE74E4CB-F53A-4E1D-ABD9-B500BD30044D}.Debug|Any CPU.Build.0 = Debug|Any CPU
		{BE74E4CB-F53A-4E1D-ABD9-B500BD30044D}.Release|Any CPU.ActiveCfg = Release|Any CPU
		{BE74E4CB-F53A-4E1D-ABD9-B500BD30044D}.Release|Any CPU.Build.0 = Release|Any CPU
	EndGlobalSection
	GlobalSection(SolutionProperties) = preSolution
		HideSolutionNode = FALSE
	EndGlobalSection
	GlobalSection(ExtensibilityGlobals) = postSolution
		SolutionGuid = {91C91E87-0F1F-4AF7-9886-BBC121500D1E}
	EndGlobalSection
EndGlobal
